{
    "_meta": {
        "hash": {
            "sha256": "34461a8f74e93970b8a9a071d0ee2833868f803a9e136440896984562e2c808d"
        },
        "requires": {},
        "sources": [
            {
                "url": "https://pypi.python.org/simple",
                "verify_ssl": true
            }
        ]
    },
    "default": {
        "certifi": {
            "version": "==2017.4.17"
        },
        "chardet": {
            "version": "==3.0.4"
        },
        "idna": {
            "version": "==2.5"
        },
        "pew": {
            "version": "==0.1.26"
        },
        "pip": {
            "version": "==9.0.1"
        },
        "pipenv": {
            "version": "==5.1.2"
        },
        "pythonz-bd": {
            "version": "==1.11.4"
        },
        "requests": {
            "version": "==2.18.1"
        },
        "resumable-urlretrieve": {
            "version": "==0.1.5"
        },
        "setuptools": {
            "version": "==36.0.1"
        },
        "urllib3": {
            "version": "==1.21.1"
        },
        "virtualenv": {
            "version": "==15.1.0"
        },
        "virtualenv-clone": {
            "version": "==0.2.6"
        },
        "wheel": {
            "version": "==0.29.0"
        }
    },
    "develop": {
        "argparse": {
            "version": "==1.4.0"
        },
        "bleach": {
            "version": "==2.0.0"
        },
        "certifi": {
            "version": "==2017.4.17"
        },
        "chardet": {
            "version": "==3.0.4"
        },
        "coverage": {
            "version": "==4.4.1"
        },
        "decorator": {
            "version": "==4.0.11"
        },
        "entrypoints": {
            "version": "==0.2.3"
        },
        "flake8": {
            "version": "==3.3.0"
        },
        "greenlet": {
            "version": "==0.4.12"
        },
        "html5lib": {
            "version": "==0.999999999"
        },
        "idna": {
            "version": "==2.5"
        },
        "ipykernel": {
            "version": "==4.6.1"
        },
        "ipython": {
            "version": "==6.1.0"
        },
        "ipython-genutils": {
            "version": "==0.2.0"
        },
        "ipywidgets": {
            "version": "==6.0.0"
        },
        "jedi": {
            "version": "==0.10.2"
        },
        "jinja2": {
            "version": "==2.9.6"
        },
        "jsonschema": {
            "version": "==2.6.0"
        },
        "jupyter": {
            "version": "==1.0.0"
        },
        "jupyter-client": {
            "version": "==5.1.0"
        },
        "jupyter-console": {
            "version": "==5.1.0"
        },
        "jupyter-core": {
            "version": "==4.3.0"
        },
        "markupsafe": {
            "version": "==1.0"
        },
        "mccabe": {
            "version": "==0.6.1"
        },
        "mistune": {
            "version": "==0.7.4"
        },
        "msgpack-python": {
            "version": "==0.4.8"
        },
        "nbconvert": {
            "version": "==5.2.1"
        },
        "nbformat": {
            "version": "==4.3.0"
        },
        "neovim": {
            "version": "==0.1.13"
        },
        "notebook": {
            "version": "==5.0.0"
        },
        "pandocfilters": {
            "version": "==1.4.1"
        },
        "pdb": {
            "version": "==0.1"
        },
        "pexpect": {
            "version": "==4.2.1"
        },
        "pickleshare": {
            "version": "==0.7.4"
        },
        "pkginfo": {
            "version": "==1.4.1"
        },
        "prompt-toolkit": {
            "version": "==1.0.14"
        },
        "psutil": {
            "version": "==5.2.2"
        },
        "ptyprocess": {
            "version": "==0.5.2"
        },
        "pycodestyle": {
            "version": "==2.3.1"
        },
        "pyflakes": {
            "version": "==1.5.0"
        },
        "pygments": {
            "version": "==2.2.0"
        },
        "python-dateutil": {
            "version": "==2.6.0"
        },
        "python-gnupg": {
            "version": "==0.4.1"
        },
        "pyyaml": {
            "version": "==3.12"
        },
        "pyzmq": {
            "version": "==16.0.2"
        },
        "qtconsole": {
            "version": "==4.3.0"
        },
        "requests": {
            "version": "==2.18.1"
        },
        "requests-toolbelt": {
            "version": "==0.8.0"
        },
        "setuptools": {
            "version": "==36.0.1"
        },
        "simplegeneric": {
            "version": "==0.8.1"
        },
        "six": {
            "version": "==1.10.0"
        },
        "terminado": {
            "version": "==0.6"
        },
        "testpath": {
            "version": "==0.3.1"
        },
        "tornado": {
            "version": "==4.5.1"
        },
        "tqdm": {
            "version": "==4.14.0"
        },
        "traitlets": {
            "version": "==4.3.2"
        },
        "twine": {
            "version": "==1.9.1"
        },
        "urllib3": {
            "version": "==1.21.1"
        },
        "wcwidth": {
            "version": "==0.1.7"
        },
        "webencodings": {
            "version": "==0.5.1"
        },
        "widgetsnbextension": {
            "version": "==2.0.0"
        }
    }
}
